
Microsoft Visual Studio Solution File, Format Version 12.00
# Visual Studio Version 16
VisualStudioVersion = 16.0.30503.244
MinimumVisualStudioVersion = 10.0.40219.1
Project("{9A19103F-16F7-4668-BE54-9A1E7A4F7556}") = "RazorpagesfromTimecory1", "RazorpagesfromTimecory1\RazorpagesfromTimecory1.csproj", "{D0FED418-4518-41C3-AB39-0631C15EFA1C}"
EndProject
Global
	GlobalSection(SolutionConfigurationPlatforms) = preSolution
		Debug|Any CPU = Debug|Any CPU
		Release|Any CPU = Release|Any CPU
	EndGlobalSection
	GlobalSection(ProjectConfigurationPlatforms) = postSolution
		{D0FED418-4518-41C3-AB39-0631C15EFA1C}.Debug|Any CPU.ActiveCfg = Debug|Any CPU
		{D0FED418-4518-41C3-AB39-0631C15EFA1C}.Debug|Any CPU.Build.0 = Debug|Any CPU
		{D0FED418-4518-41C3-AB39-0631C15EFA1C}.Release|Any CPU.ActiveCfg = Release|Any CPU
		{D0FED418-4518-41C3-AB39-0631C15EFA1C}.Release|Any CPU.Build.0 = Release|Any CPU
	EndGlobalSection
	GlobalSection(SolutionProperties) = preSolution
		HideSolutionNode = FALSE
	EndGlobalSection
	GlobalSection(ExtensibilityGlobals) = postSolution
		SolutionGuid = {6694CD4D-4E09-4A1E-BBDA-0A986F48B36C}
	EndGlobalSection
EndGlobal
